// !$*UTF8*$!
{
	archiveVersion = 1;
	classes = {
	};
	objectVersion = 46;
	objects = {

/* Begin PBXBuildFile section */
		B06C818B17934BA30082BD37 /* Foundation.framework in Frameworks */ = {isa = PBXBuildFile; fileRef = B06C818A17934BA30082BD37 /* Foundation.framework */; };
		B06C818E17934BA30082BD37 /* main.m in Sources */ = {isa = PBXBuildFile; fileRef = B06C818D17934BA30082BD37 /* main.m */; };
		B06C819217934BA30082BD37 /* cartool.1 in CopyFiles */ = {isa = PBXBuildFile; fileRef = B06C819117934BA30082BD37 /* cartool.1 */; };
		B06C819917934BCC0082BD37 /* CoreUI.framework in Frameworks */ = {isa = PBXBuildFile; fileRef = B06C819817934BCC0082BD37 /* CoreUI.framework */; };
/* End PBXBuildFile section */

/* Begin PBXCopyFilesBuildPhase section */
		B06C818517934BA30082BD37 /* CopyFiles */ = {
			isa = PBXCopyFilesBuildPhase;
			buildActionMask = 2147483647;
			dstPath = /usr/share/man/man1/;
			dstSubfolderSpec = 0;
			files = (
				B06C819217934BA30082BD37 /* cartool.1 in CopyFiles */,
			);
			runOnlyForDeploymentPostprocessing = 1;
		};
/* End PBXCopyFilesBuildPhase section */

/* Begin PBXFileReference section */
		B06C818717934BA30082BD37 /* cartool */ = {isa = PBXFileReference; explicitFileType = "compiled.mach-o.executable"; includeInIndex = 0; path = cartool; sourceTree = BUILT_PRODUCTS_DIR; };
		B06C818A17934BA30082BD37 /* Foundation.framework */ = {isa = PBXFileReference; lastKnownFileType = wrapper.framework; name = Foundation.framework; path = System/Library/Frameworks/Foundation.framework; sourceTree = SDKROOT; };
		B06C818D17934BA30082BD37 /* main.m */ = {isa = PBXFileReference; lastKnownFileType = sourcecode.c.objc; path = main.m; sourceTree = "<group>"; };
		B06C819017934BA30082BD37 /* cartool-Prefix.pch */ = {isa = PBXFileReference; lastKnownFileType = sourcecode.c.h; path = "cartool-Prefix.pch"; sourceTree = "<group>"; };
		B06C819117934BA30082BD37 /* cartool.1 */ = {isa = PBXFileReference; lastKnownFileType = text.man; path = cartool.1; sourceTree = "<group>"; };
		B06C819817934BCC0082BD37 /* CoreUI.framework */ = {isa = PBXFileReference; lastKnownFileType = wrapper.framework; name = CoreUI.framework; path = ../../../../../../System/Library/PrivateFrameworks/CoreUI.framework; sourceTree = "<group>"; };
/* End PBXFileReference section */

/* Begin PBXFrameworksBuildPhase section */
		B06C818417934BA30082BD37 /* Frameworks */ = {
			isa = PBXFrameworksBuildPhase;
			buildActionMask = 2147483647;
			files = (
				B06C819917934BCC0082BD37 /* CoreUI.framework in Frameworks */,
				B06C818B17934BA30082BD37 /* Foundation.framework in Frameworks */,
			);
			runOnlyForDeploymentPostprocessing = 0;
		};
/* End PBXFrameworksBuildPhase section */

/* Begin PBXGroup section */
		B06C817E17934BA30082BD37 = {
			isa = PBXGroup;
			children = (
				B06C818C17934BA30082BD37 /* cartool */,
				B06C818917934BA30082BD37 /* Frameworks */,
				B06C818817934BA30082BD37 /* Products */,
			);
			sourceTree = "<group>";
		};
		B06C818817934BA30082BD37 /* Products */ = {
			isa = PBXGroup;
			children = (
				B06C818717934BA30082BD37 /* cartool */,
			);
			name = Products;
			sourceTree = "<group>";
		};
		B06C818917934BA30082BD37 /* Frameworks */ = {
			isa = PBXGroup;
			children = (
				B06C819817934BCC0082BD37 /* CoreUI.framework */,
				B06C818A17934BA30082BD37 /* Foundation.framework */,
			);
			name = Frameworks;
			sourceTree = "<group>";
		};
		B06C818C17934BA30082BD37 /* cartool */ = {
			isa = PBXGroup;
			children = (
				B06C818D17934BA30082BD37 /* main.m */,
				B06C819117934BA30082BD37 /* cartool.1 */,
				B06C818F17934BA30082BD37 /* Supporting Files */,
			);
			path = cartool;
			sourceTree = "<group>";
		};
		B06C818F17934BA30082BD37 /* Supporting Files */ = {
			isa = PBXGroup;
			children = (
				B06C819017934BA30082BD37 /* cartool-Prefix.pch */,
			);
			name = "Supporting Files";
			sourceTree = "<group>";
		};
/* End PBXGroup section */

/* Begin PBXNativeTarget section */
		B06C818617934BA30082BD37 /* cartool */ = {
			isa = PBXNativeTarget;
			buildConfigurationList = B06C819517934BA30082BD37 /* Build configuration list for PBXNativeTarget "cartool" */;
			buildPhases = (
				B06C818317934BA30082BD37 /* Sources */,
				B06C818417934BA30082BD37 /* Frameworks */,
				B06C818517934BA30082BD37 /* CopyFiles */,
			);
			buildRules = (
			);
			dependencies = (
			);
			name = cartool;
			productName = cartool;
			productReference = B06C818717934BA30082BD37 /* cartool */;
			productType = "com.apple.product-type.tool";
		};
/* End PBXNativeTarget section */

/* Begin PBXProject section */
		B06C817F17934BA30082BD37 /* Project object */ = {
			isa = PBXProject;
			attributes = {
				LastUpgradeCheck = 0800;
				ORGANIZATIONNAME = "High Caffeine Content";
			};
			buildConfigurationList = B06C818217934BA30082BD37 /* Build configuration list for PBXProject "cartool" */;
			compatibilityVersion = "Xcode 3.2";
			developmentRegion = English;
			hasScannedForEncodings = 0;
			knownRegions = (
				en,
			);
			mainGroup = B06C817E17934BA30082BD37;
			productRefGroup = B06C818817934BA30082BD37 /* Products */;
			projectDirPath = "";
			projectRoot = "";
			targets = (
				B06C818617934BA30082BD37 /* cartool */,
			);
		};
/* End PBXProject section */

/* Begin PBXSourcesBuildPhase section */
		B06C818317934BA30082BD37 /* Sources */ = {
			isa = PBXSourcesBuildPhase;
			buildActionMask = 2147483647;
			files = (
				B06C818E17934BA30082BD37 /* main.m in Sources */,
			);
			runOnlyForDeploymentPostprocessing = 0;
		};
/* End PBXSourcesBuildPhase section */

/* Begin XCBuildConfiguration section */
		B06C819317934BA30082BD37 /* Debug */ = {
			isa = XCBuildConfiguration;
			buildSettings = {
				ALWAYS_SEARCH_USER_PATHS = NO;
				CLANG_CXX_LANGUAGE_STANDARD = "gnu++0x";
				CLANG_CXX_LIBRARY = "libc++";
				CLANG_ENABLE_MODULES = YES;
				CLANG_ENABLE_OBJC_ARC = YES;
				CLANG_WARN_BOOL_CONVERSION = YES;
				CLANG_WARN_CONSTANT_CONVERSION = YES;
				CLANG_WARN_DIRECT_OBJC_ISA_USAGE = YES_ERROR;
				CLANG_WARN_EMPTY_BODY = YES;
				CLANG_WARN_ENUM_CONVERSION = YES;
				CLANG_WARN_INFINITE_RECURSION = YES;
				CLANG_WARN_INT_CONVERSION = YES;
				CLANG_WARN_OBJC_ROOT_CLASS = YES_ERROR;
				CLANG_WARN_SUSPICIOUS_MOVE = YES;
				CLANG_WARN_UNREACHABLE_CODE = YES;
				CLANG_WARN__DUPLICATE_METHOD_MATCH = YES;
				COPY_PHASE_STRIP = NO;
				ENABLE_STRICT_OBJC_MSGSEND = YES;
				ENABLE_TESTABILITY = YES;
				GCC_C_LANGUAGE_STANDARD = gnu99;
				GCC_DYNAMIC_NO_PIC = NO;
				GCC_ENABLE_OBJC_EXCEPTIONS = YES;
				GCC_NO_COMMON_BLOCKS = YES;
				GCC_OPTIMIZATION_LEVEL = 0;
				GCC_PREPROCESSOR_DEFINITIONS = (
					"DEBUG=1",
					"$(inherited)",
				);
				GCC_SYMBOLS_PRIVATE_EXTERN = NO;
				GCC_WARN_64_TO_32_BIT_CONVERSION = YES;
				GCC_WARN_ABOUT_RETURN_TYPE = YES_ERROR;
				GCC_WARN_UNDECLARED_SELECTOR = YES;
				GCC_WARN_UNINITIALIZED_AUTOS = YES;
				GCC_WARN_UNUSED_FUNCTION = YES;
				GCC_WARN_UNUSED_VARIABLE = YES;
				MACOSX_DEPLOYMENT_TARGET = 10.9;
				ONLY_ACTIVE_ARCH = YES;
				SDKROOT = macosx;
			};
			name = Debug;
		};
		B06C819417934BA30082BD37 /* Release */ = {
			isa = XCBuildConfiguration;
			buildSettings = {
				ALWAYS_SEARCH_USER_PATHS = NO;
				CLANG_CXX_LANGUAGE_STANDARD = "gnu++0x";
				CLANG_CXX_LIBRARY = "libc++";
				CLANG_ENABLE_MODULES = YES;
				CLANG_ENABLE_OBJC_ARC = YES;
				CLANG_WARN_BOOL_CONVERSION = YES;
				CLANG_WARN_CONSTANT_CONVERSION = YES;
				CLANG_WARN_DIRECT_OBJC_ISA_USAGE = YES_ERROR;
				CLANG_WARN_EMPTY_BODY = YES;
				CLANG_WARN_ENUM_CONVERSION = YES;
				CLANG_WARN_INFINITE_RECURSION = YES;
				CLANG_WARN_INT_CONVERSION = YES;
				CLANG_WARN_OBJC_ROOT_CLASS = YES_ERROR;
				CLANG_WARN_SUSPICIOUS_MOVE = YES;
				CLANG_WARN_UNREACHABLE_CODE = YES;
				CLANG_WARN__DUPLICATE_METHOD_MATCH = YES;
				COPY_PHASE_STRIP = YES;
				DEBUG_INFORMATION_FORMAT = "dwarf-with-dsym";
				ENABLE_NS_ASSERTIONS = NO;
				ENABLE_STRICT_OBJC_MSGSEND = YES;
				GCC_C_LANGUAGE_STANDARD = gnu99;
				GCC_ENABLE_OBJC_EXCEPTIONS = YES;
				GCC_NO_COMMON_BLOCKS = YES;
				GCC_WARN_64_TO_32_BIT_CONVERSION = YES;
				GCC_WARN_ABOUT_RETURN_TYPE = YES_ERROR;
				GCC_WARN_UNDECLARED_SELECTOR = YES;
				GCC_WARN_UNINITIALIZED_AUTOS = YES;
				GCC_WARN_UNUSED_FUNCTION = YES;
				GCC_WARN_UNUSED_VARIABLE = YES;
				MACOSX_DEPLOYMENT_TARGET = 10.9;
				SDKROOT = macosx;
			};
			name = Release;
		};
		B06C819617934BA30082BD37 /* Debug */ = {
			isa = XCBuildConfiguration;
			buildSettings = {
				FRAMEWORK_SEARCH_PATHS = (
					"$(inherited)",
					"$(SYSTEM_LIBRARY_DIR)/PrivateFrameworks",
				);
				GCC_PRECOMPILE_PREFIX_HEADER = YES;
				GCC_PREFIX_HEADER = "cartool/cartool-Prefix.pch";
				PRODUCT_NAME = "$(TARGET_NAME)";
			};
			name = Debug;
		};
		B06C819717934BA30082BD37 /* Release */ = {
			isa = XCBuildConfiguration;
			buildSettings = {
				FRAMEWORK_SEARCH_PATHS = (
					"$(inherited)",
					"$(SYSTEM_LIBRARY_DIR)/PrivateFrameworks",
				);
				GCC_PRECOMPILE_PREFIX_HEADER = YES;
				GCC_PREFIX_HEADER = "cartool/cartool-Prefix.pch";
				PRODUCT_NAME = "$(TARGET_NAME)";
			};
			name = Release;
		};
/* End XCBuildConfiguration section */

/* Begin XCConfigurationList section */
		B06C818217934BA30082BD37 /* Build configuration list for PBXProject "cartool" */ = {
			isa = XCConfigurationList;
			buildConfigurations = (
				B06C819317934BA30082BD37 /* Debug */,
				B06C819417934BA30082BD37 /* Release */,
			);
			defaultConfigurationIsVisible = 0;
			defaultConfigurationName = Release;
		};
		B06C819517934BA30082BD37 /* Build configuration list for PBXNativeTarget "cartool" */ = {
			isa = XCConfigurationList;
			buildConfigurations = (
				B06C819617934BA30082BD37 /* Debug */,
				B06C819717934BA30082BD37 /* Release */,
			);
			defaultConfigurationIsVisible = 0;
			defaultConfigurationName = Release;
		};
/* End XCConfigurationList section */
	};
	rootObject = B06C817F17934BA30082BD37 /* Project object */;
}
